// !$*UTF8*$!
{
	archiveVersion = 1;
	classes = {
	};
	objectVersion = 50;
	objects = {

/* Begin PBXBuildFile section */
		995F9AF6235BBA3500F63BFD /* AppDelegate.swift in Sources */ = {isa = PBXBuildFile; fileRef = 995F9AF5235BBA3500F63BFD /* AppDelegate.swift */; };
		995F9AF8235BBA3500F63BFD /* ContentView.swift in Sources */ = {isa = PBXBuildFile; fileRef = 995F9AF7235BBA3500F63BFD /* ContentView.swift */; };
		995F9AFA235BBA3800F63BFD /* Assets.xcassets in Resources */ = {isa = PBXBuildFile; fileRef = 995F9AF9235BBA3800F63BFD /* Assets.xcassets */; };
		995F9AFD235BBA3800F63BFD /* Preview Assets.xcassets in Resources */ = {isa = PBXBuildFile; fileRef = 995F9AFC235BBA3800F63BFD /* Preview Assets.xcassets */; };
		995F9B00235BBA3800F63BFD /* Main.storyboard in Resources */ = {isa = PBXBuildFile; fileRef = 995F9AFE235BBA3800F63BFD /* Main.storyboard */; };
/* End PBXBuildFile section */

/* Begin PBXFileReference section */
		995F9AF2235BBA3500F63BFD /* SSDPExplorer.app */ = {isa = PBXFileReference; explicitFileType = wrapper.application; includeInIndex = 0; path = SSDPExplorer.app; sourceTree = BUILT_PRODUCTS_DIR; };
		995F9AF5235BBA3500F63BFD /* AppDelegate.swift */ = {isa = PBXFileReference; lastKnownFileType = sourcecode.swift; path = AppDelegate.swift; sourceTree = "<group>"; };
		995F9AF7235BBA3500F63BFD /* ContentView.swift */ = {isa = PBXFileReference; lastKnownFileType = sourcecode.swift; path = ContentView.swift; sourceTree = "<group>"; };
		995F9AF9235BBA3800F63BFD /* Assets.xcassets */ = {isa = PBXFileReference; lastKnownFileType = folder.assetcatalog; path = Assets.xcassets; sourceTree = "<group>"; };
		995F9AFC235BBA3800F63BFD /* Preview Assets.xcassets */ = {isa = PBXFileReference; lastKnownFileType = folder.assetcatalog; path = "Preview Assets.xcassets"; sourceTree = "<group>"; };
		995F9AFF235BBA3800F63BFD /* Base */ = {isa = PBXFileReference; lastKnownFileType = file.storyboard; name = Base; path = Base.lproj/Main.storyboard; sourceTree = "<group>"; };
		995F9B01235BBA3800F63BFD /* Info.plist */ = {isa = PBXFileReference; lastKnownFileType = text.plist.xml; path = Info.plist; sourceTree = "<group>"; };
		995F9B02235BBA3800F63BFD /* SSDPExplorer.entitlements */ = {isa = PBXFileReference; lastKnownFileType = text.plist.entitlements; path = SSDPExplorer.entitlements; sourceTree = "<group>"; };
/* End PBXFileReference section */

/* Begin PBXFrameworksBuildPhase section */
		995F9AEF235BBA3500F63BFD /* Frameworks */ = {
			isa = PBXFrameworksBuildPhase;
			buildActionMask = 2147483647;
			files = (
			);
			runOnlyForDeploymentPostprocessing = 0;
		};
/* End PBXFrameworksBuildPhase section */

/* Begin PBXGroup section */
		995F9AE9235BBA3500F63BFD = {
			isa = PBXGroup;
			children = (
				995F9AF4235BBA3500F63BFD /* SSDPExplorer */,
				995F9AF3235BBA3500F63BFD /* Products */,
			);
			sourceTree = "<group>";
		};
		995F9AF3235BBA3500F63BFD /* Products */ = {
			isa = PBXGroup;
			children = (
				995F9AF2235BBA3500F63BFD /* SSDPExplorer.app */,
			);
			name = Products;
			sourceTree = "<group>";
		};
		995F9AF4235BBA3500F63BFD /* SSDPExplorer */ = {
			isa = PBXGroup;
			children = (
				995F9AF5235BBA3500F63BFD /* AppDelegate.swift */,
				995F9AF7235BBA3500F63BFD /* ContentView.swift */,
				995F9AF9235BBA3800F63BFD /* Assets.xcassets */,
				995F9AFE235BBA3800F63BFD /* Main.storyboard */,
				995F9B01235BBA3800F63BFD /* Info.plist */,
				995F9B02235BBA3800F63BFD /* SSDPExplorer.entitlements */,
				995F9AFB235BBA3800F63BFD /* Preview Content */,
			);
			path = SSDPExplorer;
			sourceTree = "<group>";
		};
		995F9AFB235BBA3800F63BFD /* Preview Content */ = {
			isa = PBXGroup;
			children = (
				995F9AFC235BBA3800F63BFD /* Preview Assets.xcassets */,
			);
			path = "Preview Content";
			sourceTree = "<group>";
		};
/* End PBXGroup section */

/* Begin PBXNativeTarget section */
		995F9AF1235BBA3500F63BFD /* SSDPExplorer */ = {
			isa = PBXNativeTarget;
			buildConfigurationList = 995F9B05235BBA3800F63BFD /* Build configuration list for PBXNativeTarget "SSDPExplorer" */;
			buildPhases = (
				995F9AEE235BBA3500F63BFD /* Sources */,
				995F9AEF235BBA3500F63BFD /* Frameworks */,
				995F9AF0235BBA3500F63BFD /* Resources */,
			);
			buildRules = (
			);
			dependencies = (
			);
			name = SSDPExplorer;
			productName = SSDPExplorer;
			productReference = 995F9AF2235BBA3500F63BFD /* SSDPExplorer.app */;
			productType = "com.apple.product-type.application";
		};
/* End PBXNativeTarget section */

/* Begin PBXProject section */
		995F9AEA235BBA3500F63BFD /* Project object */ = {
			isa = PBXProject;
			attributes = {
				LastSwiftUpdateCheck = 1110;
				LastUpgradeCheck = 1110;
				ORGANIZATIONNAME = "Cory Knapp";
				TargetAttributes = {
					995F9AF1235BBA3500F63BFD = {
						CreatedOnToolsVersion = 11.1;
					};
				};
			};
			buildConfigurationList = 995F9AED235BBA3500F63BFD /* Build configuration list for PBXProject "SSDPExplorer" */;
			compatibilityVersion = "Xcode 9.3";
			developmentRegion = en;
			hasScannedForEncodings = 0;
			knownRegions = (
				en,
				Base,
			);
			mainGroup = 995F9AE9235BBA3500F63BFD;
			productRefGroup = 995F9AF3235BBA3500F63BFD /* Products */;
			projectDirPath = "";
			projectRoot = "";
			targets = (
				995F9AF1235BBA3500F63BFD /* SSDPExplorer */,
			);
		};
/* End PBXProject section */

/* Begin PBXResourcesBuildPhase section */
		995F9AF0235BBA3500F63BFD /* Resources */ = {
			isa = PBXResourcesBuildPhase;
			buildActionMask = 2147483647;
			files = (
				995F9B00235BBA3800F63BFD /* Main.storyboard in Resources */,
				995F9AFD235BBA3800F63BFD /* Preview Assets.xcassets in Resources */,
				995F9AFA235BBA3800F63BFD /* Assets.xcassets in Resources */,
			);
			runOnlyForDeploymentPostprocessing = 0;
		};
/* End PBXResourcesBuildPhase section */

/* Begin PBXSourcesBuildPhase section */
		995F9AEE235BBA3500F63BFD /* Sources */ = {
			isa = PBXSourcesBuildPhase;
			buildActionMask = 2147483647;
			files = (
				995F9AF8235BBA3500F63BFD /* ContentView.swift in Sources */,
				995F9AF6235BBA3500F63BFD /* AppDelegate.swift in Sources */,
			);
			runOnlyForDeploymentPostprocessing = 0;
		};
/* End PBXSourcesBuildPhase section */

/* Begin PBXVariantGroup section */
		995F9AFE235BBA3800F63BFD /* Main.storyboard */ = {
			isa = PBXVariantGroup;
			children = (
				995F9AFF235BBA3800F63BFD /* Base */,
			);
			name = Main.storyboard;
			sourceTree = "<group>";
		};
/* End PBXVariantGroup section */

/* Begin XCBuildConfiguration section */
		995F9B03235BBA3800F63BFD /* Debug */ = {
			isa = XCBuildConfiguration;
			buildSettings = {
				ALWAYS_SEARCH_USER_PATHS = NO;
				CLANG_ANALYZER_NONNULL = YES;
				CLANG_ANALYZER_NUMBER_OBJECT_CONVERSION = YES_AGGRESSIVE;
				CLANG_CXX_LANGUAGE_STANDARD = "gnu++14";
				CLANG_CXX_LIBRARY = "libc++";
				CLANG_ENABLE_MODULES = YES;
				CLANG_ENABLE_OBJC_ARC = YES;
				CLANG_ENABLE_OBJC_WEAK = YES;
				CLANG_WARN_BLOCK_CAPTURE_AUTORELEASING = YES;
				CLANG_WARN_BOOL_CONVERSION = YES;
				CLANG_WARN_COMMA = YES;
				CLANG_WARN_CONSTANT_CONVERSION = YES;
				CLANG_WARN_DEPRECATED_OBJC_IMPLEMENTATIONS = YES;
				CLANG_WARN_DIRECT_OBJC_ISA_USAGE = YES_ERROR;
				CLANG_WARN_DOCUMENTATION_COMMENTS = YES;
				CLANG_WARN_EMPTY_BODY = YES;
				CLANG_WARN_ENUM_CONVERSION = YES;
				CLANG_WARN_INFINITE_RECURSION = YES;
				CLANG_WARN_INT_CONVERSION = YES;
				CLANG_WARN_NON_LITERAL_NULL_CONVERSION = YES;
				CLANG_WARN_OBJC_IMPLICIT_RETAIN_SELF = YES;
				CLANG_WARN_OBJC_LITERAL_CONVERSION = YES;
				CLANG_WARN_OBJC_ROOT_CLASS = YES_ERROR;
				CLANG_WARN_RANGE_LOOP_ANALYSIS = YES;
				CLANG_WARN_STRICT_PROTOTYPES = YES;
				CLANG_WARN_SUSPICIOUS_MOVE = YES;
				CLANG_WARN_UNGUARDED_AVAILABILITY = YES_AGGRESSIVE;
				CLANG_WARN_UNREACHABLE_CODE = YES;
				CLANG_WARN__DUPLICATE_METHOD_MATCH = YES;
				COPY_PHASE_STRIP = NO;
				DEBUG_INFORMATION_FORMAT = dwarf;
				ENABLE_STRICT_OBJC_MSGSEND = YES;
				ENABLE_TESTABILITY = YES;
				GCC_C_LANGUAGE_STANDARD = gnu11;
				GCC_DYNAMIC_NO_PIC = NO;
				GCC_NO_COMMON_BLOCKS = YES;
				GCC_OPTIMIZATION_LEVEL = 0;
				GCC_PREPROCESSOR_DEFINITIONS = (
					"DEBUG=1",
					"$(inherited)",
				);
				GCC_WARN_64_TO_32_BIT_CONVERSION = YES;
				GCC_WARN_ABOUT_RETURN_TYPE = YES_ERROR;
				GCC_WARN_UNDECLARED_SELECTOR = YES;
				GCC_WARN_UNINITIALIZED_AUTOS = YES_AGGRESSIVE;
				GCC_WARN_UNUSED_FUNCTION = YES;
				GCC_WARN_UNUSED_VARIABLE = YES;
				MACOSX_DEPLOYMENT_TARGET = 10.15;
				MTL_ENABLE_DEBUG_INFO = INCLUDE_SOURCE;
				MTL_FAST_MATH = YES;
				ONLY_ACTIVE_ARCH = YES;
				SDKROOT = macosx;
				SWIFT_ACTIVE_COMPILATION_CONDITIONS = DEBUG;
				SWIFT_OPTIMIZATION_LEVEL = "-Onone";
			};
			name = Debug;
		};
		995F9B04235BBA3800F63BFD /* Release */ = {
			isa = XCBuildConfiguration;
			buildSettings = {
				ALWAYS_SEARCH_USER_PATHS = NO;
				CLANG_ANALYZER_NONNULL = YES;
				CLANG_ANALYZER_NUMBER_OBJECT_CONVERSION = YES_AGGRESSIVE;
				CLANG_CXX_LANGUAGE_STANDARD = "gnu++14";
				CLANG_CXX_LIBRARY = "libc++";
				CLANG_ENABLE_MODULES = YES;
				CLANG_ENABLE_OBJC_ARC = YES;
				CLANG_ENABLE_OBJC_WEAK = YES;
				CLANG_WARN_BLOCK_CAPTURE_AUTORELEASING = YES;
				CLANG_WARN_BOOL_CONVERSION = YES;
				CLANG_WARN_COMMA = YES;
				CLANG_WARN_CONSTANT_CONVERSION = YES;
				CLANG_WARN_DEPRECATED_OBJC_IMPLEMENTATIONS = YES;
				CLANG_WARN_DIRECT_OBJC_ISA_USAGE = YES_ERROR;
				CLANG_WARN_DOCUMENTATION_COMMENTS = YES;
				CLANG_WARN_EMPTY_BODY = YES;
				CLANG_WARN_ENUM_CONVERSION = YES;
				CLANG_WARN_INFINITE_RECURSION = YES;
				CLANG_WARN_INT_CONVERSION = YES;
				CLANG_WARN_NON_LITERAL_NULL_CONVERSION = YES;
				CLANG_WARN_OBJC_IMPLICIT_RETAIN_SELF = YES;
				CLANG_WARN_OBJC_LITERAL_CONVERSION = YES;
				CLANG_WARN_OBJC_ROOT_CLASS = YES_ERROR;
				CLANG_WARN_RANGE_LOOP_ANALYSIS = YES;
				CLANG_WARN_STRICT_PROTOTYPES = YES;
				CLANG_WARN_SUSPICIOUS_MOVE = YES;
				CLANG_WARN_UNGUARDED_AVAILABILITY = YES_AGGRESSIVE;
				CLANG_WARN_UNREACHABLE_CODE = YES;
				CLANG_WARN__DUPLICATE_METHOD_MATCH = YES;
				COPY_PHASE_STRIP = NO;
				DEBUG_INFORMATION_FORMAT = "dwarf-with-dsym";
				ENABLE_NS_ASSERTIONS = NO;
				ENABLE_STRICT_OBJC_MSGSEND = YES;
				GCC_C_LANGUAGE_STANDARD = gnu11;
				GCC_NO_COMMON_BLOCKS = YES;
				GCC_WARN_64_TO_32_BIT_CONVERSION = YES;
				GCC_WARN_ABOUT_RETURN_TYPE = YES_ERROR;
				GCC_WARN_UNDECLARED_SELECTOR = YES;
				GCC_WARN_UNINITIALIZED_AUTOS = YES_AGGRESSIVE;
				GCC_WARN_UNUSED_FUNCTION = YES;
				GCC_WARN_UNUSED_VARIABLE = YES;
				MACOSX_DEPLOYMENT_TARGET = 10.15;
				MTL_ENABLE_DEBUG_INFO = NO;
				MTL_FAST_MATH = YES;
				SDKROOT = macosx;
				SWIFT_COMPILATION_MODE = wholemodule;
				SWIFT_OPTIMIZATION_LEVEL = "-O";
			};
			name = Release;
		};
		995F9B06235BBA3800F63BFD /* Debug */ = {
			isa = XCBuildConfiguration;
			buildSettings = {
				ASSETCATALOG_COMPILER_APPICON_NAME = AppIcon;
				CODE_SIGN_ENTITLEMENTS = SSDPExplorer/SSDPExplorer.entitlements;
				CODE_SIGN_STYLE = Automatic;
				COMBINE_HIDPI_IMAGES = YES;
				DEVELOPMENT_ASSET_PATHS = "\"SSDPExplorer/Preview Content\"";
				DEVELOPMENT_TEAM = S39RJSR774;
				ENABLE_HARDENED_RUNTIME = YES;
				ENABLE_PREVIEWS = YES;
				INFOPLIST_FILE = SSDPExplorer/Info.plist;
				LD_RUNPATH_SEARCH_PATHS = (
					"$(inherited)",
					"@executable_path/../Frameworks",
				);
				MACOSX_DEPLOYMENT_TARGET = 10.15;
				PRODUCT_BUNDLE_IDENTIFIER = "cory-knapp.SSDPExplorer";
				PRODUCT_NAME = "$(TARGET_NAME)";
				SWIFT_VERSION = 5.0;
			};
			name = Debug;
		};
		995F9B07235BBA3800F63BFD /* Release */ = {
			isa = XCBuildConfiguration;
			buildSettings = {
				ASSETCATALOG_COMPILER_APPICON_NAME = AppIcon;
				CODE_SIGN_ENTITLEMENTS = SSDPExplorer/SSDPExplorer.entitlements;
				CODE_SIGN_STYLE = Automatic;
				COMBINE_HIDPI_IMAGES = YES;
				DEVELOPMENT_ASSET_PATHS = "\"SSDPExplorer/Preview Content\"";
				DEVELOPMENT_TEAM = S39RJSR774;
				ENABLE_HARDENED_RUNTIME = YES;
				ENABLE_PREVIEWS = YES;
				INFOPLIST_FILE = SSDPExplorer/Info.plist;
				LD_RUNPATH_SEARCH_PATHS = (
					"$(inherited)",
					"@executable_path/../Frameworks",
				);
				MACOSX_DEPLOYMENT_TARGET = 10.15;
				PRODUCT_BUNDLE_IDENTIFIER = "cory-knapp.SSDPExplorer";
				PRODUCT_NAME = "$(TARGET_NAME)";
				SWIFT_VERSION = 5.0;
			};
			name = Release;
		};
/* End XCBuildConfiguration section */

/* Begin XCConfigurationList section */
		995F9AED235BBA3500F63BFD /* Build configuration list for PBXProject "SSDPExplorer" */ = {
			isa = XCConfigurationList;
			buildConfigurations = (
				995F9B03235BBA3800F63BFD /* Debug */,
				995F9B04235BBA3800F63BFD /* Release */,
			);
			defaultConfigurationIsVisible = 0;
			defaultConfigurationName = Release;
		};
		995F9B05235BBA3800F63BFD /* Build configuration list for PBXNativeTarget "SSDPExplorer" */ = {
			isa = XCConfigurationList;
			buildConfigurations = (
				995F9B06235BBA3800F63BFD /* Debug */,
				995F9B07235BBA3800F63BFD /* Release */,
			);
			defaultConfigurationIsVisible = 0;
			defaultConfigurationName = Release;
		};
/* End XCConfigurationList section */
	};
	rootObject = 995F9AEA235BBA3500F63BFD /* Project object */;
}
